Microsoft Visual Studio Solution File, Format Version 12.00
# Visual Studio 15
VisualStudioVersion = 15.0.27428.2015
MinimumVisualStudioVersion = 10.0.40219.1
Project("{9A19103F-16F7-4668-BE54-9A1E7A4F7556}") = "GroovyCodecs.Mp3", "Mp3\GroovyCodecs.Mp3.csproj", "{DDDBBE09-C897-406D-A19B-42FDD6AEDB74}"
EndProject
Project("{9A19103F-16F7-4668-BE54-9A1E7A4F7556}") = "GroovyCodecs.WavFile", "WavFile\GroovyCodecs.WavFile.csproj", "{EB20FBF3-FFC5-4B58-AC9D-EC9791E4B25B}"
EndProject
Project("{9A19103F-16F7-4668-BE54-9A1E7A4F7556}") = "GroovyCodecs.Types", "Types\GroovyCodecs.Types.csproj", "{410E57F3-E35F-48FC-9426-30C8CA328A5A}"
EndProject
Project("{9A19103F-16F7-4668-BE54-9A1E7A4F7556}") = "GroovyCodecs.G729", "G729\GroovyCodecs.G729.csproj", "{4908B1D8-21C4-4E1B-A911-0CC23AB514DA}"
EndProject
Project("{9A19103F-16F7-4668-BE54-9A1E7A4F7556}") = "GroovyCodecs.G711", "G711\GroovyCodecs.G711.csproj", "{5EFA30A5-00F9-42DB-B3A0-803C2496446F}"
EndProject
Project("{9A19103F-16F7-4668-BE54-9A1E7A4F7556}") = "GroovyCodecs.Coder", "Coder\GroovyCodecs.Coder.csproj", "{3FB219E7-EBD3-43DF-A950-14072A92A423}"
EndProject
Global
	GlobalSection(SolutionConfigurationPlatforms) = preSolution
		Debug|Any CPU = Debug|Any CPU
		Release|Any CPU = Release|Any CPU
	EndGlobalSection
	GlobalSection(ProjectConfigurationPlatforms) = postSolution
		{DDDBBE09-C897-406D-A19B-42FDD6AEDB74}.Debug|Any CPU.ActiveCfg = Debug|Any CPU
		{DDDBBE09-C897-406D-A19B-42FDD6AEDB74}.Debug|Any CPU.Build.0 = Debug|Any CPU
		{DDDBBE09-C897-406D-A19B-42FDD6AEDB74}.Release|Any CPU.ActiveCfg = Release|Any CPU
		{DDDBBE09-C897-406D-A19B-42FDD6AEDB74}.Release|Any CPU.Build.0 = Release|Any CPU
		{EB20FBF3-FFC5-4B58-AC9D-EC9791E4B25B}.Debug|Any CPU.ActiveCfg = Debug|Any CPU
		{EB20FBF3-FFC5-4B58-AC9D-EC9791E4B25B}.Debug|Any CPU.Build.0 = Debug|Any CPU
		{EB20FBF3-FFC5-4B58-AC9D-EC9791E4B25B}.Release|Any CPU.ActiveCfg = Release|Any CPU
		{EB20FBF3-FFC5-4B58-AC9D-EC9791E4B25B}.Release|Any CPU.Build.0 = Release|Any CPU
		{410E57F3-E35F-48FC-9426-30C8CA328A5A}.Debug|Any CPU.ActiveCfg = Debug|Any CPU
		{410E57F3-E35F-48FC-9426-30C8CA328A5A}.Debug|Any CPU.Build.0 = Debug|Any CPU
		{410E57F3-E35F-48FC-9426-30C8CA328A5A}.Release|Any CPU.ActiveCfg = Release|Any CPU
		{410E57F3-E35F-48FC-9426-30C8CA328A5A}.Release|Any CPU.Build.0 = Release|Any CPU
		{4908B1D8-21C4-4E1B-A911-0CC23AB514DA}.Debug|Any CPU.ActiveCfg = Debug|Any CPU
		{4908B1D8-21C4-4E1B-A911-0CC23AB514DA}.Debug|Any CPU.Build.0 = Debug|Any CPU
		{4908B1D8-21C4-4E1B-A911-0CC23AB514DA}.Release|Any CPU.ActiveCfg = Release|Any CPU
		{4908B1D8-21C4-4E1B-A911-0CC23AB514DA}.Release|Any CPU.Build.0 = Release|Any CPU
		{5EFA30A5-00F9-42DB-B3A0-803C2496446F}.Debug|Any CPU.ActiveCfg = Debug|Any CPU
		{5EFA30A5-00F9-42DB-B3A0-803C2496446F}.Debug|Any CPU.Build.0 = Debug|Any CPU
		{5EFA30A5-00F9-42DB-B3A0-803C2496446F}.Release|Any CPU.ActiveCfg = Release|Any CPU
		{5EFA30A5-00F9-42DB-B3A0-803C2496446F}.Release|Any CPU.Build.0 = Release|Any CPU
		{3FB219E7-EBD3-43DF-A950-14072A92A423}.Debug|Any CPU.ActiveCfg = Debug|Any CPU
		{3FB219E7-EBD3-43DF-A950-14072A92A423}.Debug|Any CPU.Build.0 = Debug|Any CPU
		{3FB219E7-EBD3-43DF-A950-14072A92A423}.Release|Any CPU.ActiveCfg = Release|Any CPU
		{3FB219E7-EBD3-43DF-A950-14072A92A423}.Release|Any CPU.Build.0 = Release|Any CPU
	EndGlobalSection
	GlobalSection(SolutionProperties) = preSolution
		HideSolutionNode = FALSE
	EndGlobalSection
	GlobalSection(ExtensibilityGlobals) = postSolution
		SolutionGuid = {5E9C0FC5-35BA-4A4E-B850-C2471BF50CE1}
	EndGlobalSection
	GlobalSection(MonoDevelopProperties) = preSolution
		Policies = $0
		$0.DotNetNamingPolicy = $1
		$1.DirectoryNamespaceAssociation = PrefixedHierarchical
		$0.TextStylePolicy = $2
		$2.FileWidth = 80
		$2.TabsToSpaces = True
		$2.scope = text/plain
		$0.VersionControlPolicy = $3
	EndGlobalSection
EndGlobal
